
Microsoft Visual Studio Solution File, Format Version 12.00
# Visual Studio Version 17
VisualStudioVersion = 17.10.35013.160
MinimumVisualStudioVersion = 10.0.40219.1
Project("{9A19103F-16F7-4668-BE54-9A1E7A4F7556}") = "AllYourBase", "AllYourBase.csproj", "{038EFCE2-2367-450F-9931-83EC7CD76075}"
EndProject
Global
	GlobalSection(SolutionConfigurationPlatforms) = preSolution
		Debug|Any CPU = Debug|Any CPU
		Release|Any CPU = Release|Any CPU
	EndGlobalSection
	GlobalSection(ProjectConfigurationPlatforms) = postSolution
		{038EFCE2-2367-450F-9931-83EC7CD76075}.Debug|Any CPU.ActiveCfg = Debug|Any CPU
		{038EFCE2-2367-450F-9931-83EC7CD76075}.Debug|Any CPU.Build.0 = Debug|Any CPU
		{038EFCE2-2367-450F-9931-83EC7CD76075}.Release|Any CPU.ActiveCfg = Release|Any CPU
		{038EFCE2-2367-450F-9931-83EC7CD76075}.Release|Any CPU.Build.0 = Release|Any CPU
	EndGlobalSection
	GlobalSection(SolutionProperties) = preSolution
		HideSolutionNode = FALSE
	EndGlobalSection
	GlobalSection(ExtensibilityGlobals) = postSolution
		SolutionGuid = {0635B5F0-E9CF-42C2-AAC0-827CBE2B4B45}
	EndGlobalSection
EndGlobal
