
Microsoft Visual Studio Solution File, Format Version 12.00
# Visual Studio Version 17
VisualStudioVersion = 17.1.32421.90
MinimumVisualStudioVersion = 10.0.40219.1
Project("{9A19103F-16F7-4668-BE54-9A1E7A4F7556}") = "LogsLogsLogs", "LogsLogsLogs.csproj", "{1A4E71C8-0F7B-4992-B8B7-01F748BD50E8}"
EndProject
Global
	GlobalSection(SolutionConfigurationPlatforms) = preSolution
		Debug|Any CPU = Debug|Any CPU
		Release|Any CPU = Release|Any CPU
	EndGlobalSection
	GlobalSection(ProjectConfigurationPlatforms) = postSolution
		{1A4E71C8-0F7B-4992-B8B7-01F748BD50E8}.Debug|Any CPU.ActiveCfg = Debug|Any CPU
		{1A4E71C8-0F7B-4992-B8B7-01F748BD50E8}.Debug|Any CPU.Build.0 = Debug|Any CPU
		{1A4E71C8-0F7B-4992-B8B7-01F748BD50E8}.Release|Any CPU.ActiveCfg = Release|Any CPU
		{1A4E71C8-0F7B-4992-B8B7-01F748BD50E8}.Release|Any CPU.Build.0 = Release|Any CPU
	EndGlobalSection
	GlobalSection(SolutionProperties) = preSolution
		HideSolutionNode = FALSE
	EndGlobalSection
	GlobalSection(ExtensibilityGlobals) = postSolution
		SolutionGuid = {F16DC3B5-37B3-48CD-A90D-2B3B6C937E05}
	EndGlobalSection
EndGlobal
