
Microsoft Visual Studio Solution File, Format Version 12.00
# Visual Studio Version 17
VisualStudioVersion = 17.2.32526.322
MinimumVisualStudioVersion = 10.0.40219.1
Project("{9A19103F-16F7-4668-BE54-9A1E7A4F7556}") = "Bob", "Bob.csproj", "{DB70D854-00FC-49A8-9728-9999B22D3CF1}"
EndProject
Global
	GlobalSection(SolutionConfigurationPlatforms) = preSolution
		Debug|Any CPU = Debug|Any CPU
		Release|Any CPU = Release|Any CPU
	EndGlobalSection
	GlobalSection(ProjectConfigurationPlatforms) = postSolution
		{DB70D854-00FC-49A8-9728-9999B22D3CF1}.Debug|Any CPU.ActiveCfg = Debug|Any CPU
		{DB70D854-00FC-49A8-9728-9999B22D3CF1}.Debug|Any CPU.Build.0 = Debug|Any CPU
		{DB70D854-00FC-49A8-9728-9999B22D3CF1}.Release|Any CPU.ActiveCfg = Release|Any CPU
		{DB70D854-00FC-49A8-9728-9999B22D3CF1}.Release|Any CPU.Build.0 = Release|Any CPU
	EndGlobalSection
	GlobalSection(SolutionProperties) = preSolution
		HideSolutionNode = FALSE
	EndGlobalSection
	GlobalSection(ExtensibilityGlobals) = postSolution
		SolutionGuid = {75F7D932-FE46-4EB9-A5B6-6E54D9B9E37B}
	EndGlobalSection
EndGlobal
