
Microsoft Visual Studio Solution File, Format Version 12.00
# Visual Studio Version 16
VisualStudioVersion = 16.0.31702.278
MinimumVisualStudioVersion = 10.0.40219.1
Project("{9A19103F-16F7-4668-BE54-9A1E7A4F7556}") = "RollTheDie", "RollTheDie.csproj", "{A1F51254-2E57-45D7-B75D-CA6555DB738D}"
EndProject
Global
	GlobalSection(SolutionConfigurationPlatforms) = preSolution
		Debug|Any CPU = Debug|Any CPU
		Release|Any CPU = Release|Any CPU
	EndGlobalSection
	GlobalSection(ProjectConfigurationPlatforms) = postSolution
		{A1F51254-2E57-45D7-B75D-CA6555DB738D}.Debug|Any CPU.ActiveCfg = Debug|Any CPU
		{A1F51254-2E57-45D7-B75D-CA6555DB738D}.Debug|Any CPU.Build.0 = Debug|Any CPU
		{A1F51254-2E57-45D7-B75D-CA6555DB738D}.Release|Any CPU.ActiveCfg = Release|Any CPU
		{A1F51254-2E57-45D7-B75D-CA6555DB738D}.Release|Any CPU.Build.0 = Release|Any CPU
	EndGlobalSection
	GlobalSection(SolutionProperties) = preSolution
		HideSolutionNode = FALSE
	EndGlobalSection
	GlobalSection(ExtensibilityGlobals) = postSolution
		SolutionGuid = {E8DE7A45-B2EA-47AC-8523-8ED79732F637}
	EndGlobalSection
EndGlobal
