
Microsoft Visual Studio Solution File, Format Version 12.00
# Visual Studio Version 17
VisualStudioVersion = 17.2.32519.379
MinimumVisualStudioVersion = 10.0.40219.1
Project("{9A19103F-16F7-4668-BE54-9A1E7A4F7556}") = "AuthenticationSystem", "AuthenticationSystem.csproj", "{E0AE93F3-3B20-48B5-87AB-047DA3772953}"
EndProject
Global
	GlobalSection(SolutionConfigurationPlatforms) = preSolution
		Debug|Any CPU = Debug|Any CPU
		Release|Any CPU = Release|Any CPU
	EndGlobalSection
	GlobalSection(ProjectConfigurationPlatforms) = postSolution
		{E0AE93F3-3B20-48B5-87AB-047DA3772953}.Debug|Any CPU.ActiveCfg = Debug|Any CPU
		{E0AE93F3-3B20-48B5-87AB-047DA3772953}.Debug|Any CPU.Build.0 = Debug|Any CPU
		{E0AE93F3-3B20-48B5-87AB-047DA3772953}.Release|Any CPU.ActiveCfg = Release|Any CPU
		{E0AE93F3-3B20-48B5-87AB-047DA3772953}.Release|Any CPU.Build.0 = Release|Any CPU
	EndGlobalSection
	GlobalSection(SolutionProperties) = preSolution
		HideSolutionNode = FALSE
	EndGlobalSection
	GlobalSection(ExtensibilityGlobals) = postSolution
		SolutionGuid = {2C3DF016-35C1-44BF-B12D-1344E0C381E8}
	EndGlobalSection
EndGlobal
