
Microsoft Visual Studio Solution File, Format Version 12.00
# Visual Studio Version 17
VisualStudioVersion = 17.1.32421.90
MinimumVisualStudioVersion = 10.0.40219.1
Project("{9A19103F-16F7-4668-BE54-9A1E7A4F7556}") = "HighSchoolSweethearts", "HighSchoolSweethearts.csproj", "{CF38C257-B402-420F-B095-61334F449992}"
EndProject
Global
	GlobalSection(SolutionConfigurationPlatforms) = preSolution
		Debug|Any CPU = Debug|Any CPU
		Release|Any CPU = Release|Any CPU
	EndGlobalSection
	GlobalSection(ProjectConfigurationPlatforms) = postSolution
		{CF38C257-B402-420F-B095-61334F449992}.Debug|Any CPU.ActiveCfg = Debug|Any CPU
		{CF38C257-B402-420F-B095-61334F449992}.Debug|Any CPU.Build.0 = Debug|Any CPU
		{CF38C257-B402-420F-B095-61334F449992}.Release|Any CPU.ActiveCfg = Release|Any CPU
		{CF38C257-B402-420F-B095-61334F449992}.Release|Any CPU.Build.0 = Release|Any CPU
	EndGlobalSection
	GlobalSection(SolutionProperties) = preSolution
		HideSolutionNode = FALSE
	EndGlobalSection
	GlobalSection(ExtensibilityGlobals) = postSolution
		SolutionGuid = {30027A47-D6E9-4086-9E2F-983F5F315A7B}
	EndGlobalSection
EndGlobal
