
Microsoft Visual Studio Solution File, Format Version 12.00
# Visual Studio Version 17
VisualStudioVersion = 17.2.32516.85
MinimumVisualStudioVersion = 10.0.40219.1
Project("{9A19103F-16F7-4668-BE54-9A1E7A4F7556}") = "LandGrabInSpace", "LandGrabInSpace.csproj", "{B8A82EB0-C8C6-4A19-89F3-5A9E322B1644}"
EndProject
Global
	GlobalSection(SolutionConfigurationPlatforms) = preSolution
		Debug|Any CPU = Debug|Any CPU
		Release|Any CPU = Release|Any CPU
	EndGlobalSection
	GlobalSection(ProjectConfigurationPlatforms) = postSolution
		{B8A82EB0-C8C6-4A19-89F3-5A9E322B1644}.Debug|Any CPU.ActiveCfg = Debug|Any CPU
		{B8A82EB0-C8C6-4A19-89F3-5A9E322B1644}.Debug|Any CPU.Build.0 = Debug|Any CPU
		{B8A82EB0-C8C6-4A19-89F3-5A9E322B1644}.Release|Any CPU.ActiveCfg = Release|Any CPU
		{B8A82EB0-C8C6-4A19-89F3-5A9E322B1644}.Release|Any CPU.Build.0 = Release|Any CPU
	EndGlobalSection
	GlobalSection(SolutionProperties) = preSolution
		HideSolutionNode = FALSE
	EndGlobalSection
	GlobalSection(ExtensibilityGlobals) = postSolution
		SolutionGuid = {EF307C0B-FADB-492E-A223-0C7983F551CF}
	EndGlobalSection
EndGlobal
