
Microsoft Visual Studio Solution File, Format Version 12.00
# Visual Studio Version 17
VisualStudioVersion = 17.2.32516.85
MinimumVisualStudioVersion = 10.0.40219.1
Project("{9A19103F-16F7-4668-BE54-9A1E7A4F7556}") = "ParsingLogFiles", "ParsingLogFiles.csproj", "{536B9432-8F54-4CA3-83DA-EC4A2C2AE744}"
EndProject
Global
	GlobalSection(SolutionConfigurationPlatforms) = preSolution
		Debug|Any CPU = Debug|Any CPU
		Release|Any CPU = Release|Any CPU
	EndGlobalSection
	GlobalSection(ProjectConfigurationPlatforms) = postSolution
		{536B9432-8F54-4CA3-83DA-EC4A2C2AE744}.Debug|Any CPU.ActiveCfg = Debug|Any CPU
		{536B9432-8F54-4CA3-83DA-EC4A2C2AE744}.Debug|Any CPU.Build.0 = Debug|Any CPU
		{536B9432-8F54-4CA3-83DA-EC4A2C2AE744}.Release|Any CPU.ActiveCfg = Release|Any CPU
		{536B9432-8F54-4CA3-83DA-EC4A2C2AE744}.Release|Any CPU.Build.0 = Release|Any CPU
	EndGlobalSection
	GlobalSection(SolutionProperties) = preSolution
		HideSolutionNode = FALSE
	EndGlobalSection
	GlobalSection(ExtensibilityGlobals) = postSolution
		SolutionGuid = {8E761B65-3C1A-43A4-9CD1-61C55C30BF3D}
	EndGlobalSection
EndGlobal
