
Microsoft Visual Studio Solution File, Format Version 12.00
# Visual Studio Version 16
VisualStudioVersion = 16.0.31702.278
MinimumVisualStudioVersion = 10.0.40219.1
Project("{9A19103F-16F7-4668-BE54-9A1E7A4F7556}") = "TracksOnTracksOnTracks", "TracksOnTracksOnTracks.csproj", "{FD704779-172A-4706-953C-0591BB163EBD}"
EndProject
Global
	GlobalSection(SolutionConfigurationPlatforms) = preSolution
		Debug|Any CPU = Debug|Any CPU
		Release|Any CPU = Release|Any CPU
	EndGlobalSection
	GlobalSection(ProjectConfigurationPlatforms) = postSolution
		{FD704779-172A-4706-953C-0591BB163EBD}.Debug|Any CPU.ActiveCfg = Debug|Any CPU
		{FD704779-172A-4706-953C-0591BB163EBD}.Debug|Any CPU.Build.0 = Debug|Any CPU
		{FD704779-172A-4706-953C-0591BB163EBD}.Release|Any CPU.ActiveCfg = Release|Any CPU
		{FD704779-172A-4706-953C-0591BB163EBD}.Release|Any CPU.Build.0 = Release|Any CPU
	EndGlobalSection
	GlobalSection(SolutionProperties) = preSolution
		HideSolutionNode = FALSE
	EndGlobalSection
	GlobalSection(ExtensibilityGlobals) = postSolution
		SolutionGuid = {FB5340B4-B46D-4E1F-9C10-E59754087F99}
	EndGlobalSection
EndGlobal
