
Microsoft Visual Studio Solution File, Format Version 12.00
# Visual Studio Version 16
VisualStudioVersion = 16.0.31321.278
MinimumVisualStudioVersion = 10.0.40219.1
Project("{9A19103F-16F7-4668-BE54-9A1E7A4F7556}") = "CircularBuffer", "CircularBuffer.csproj", "{237EA34F-FB60-4E4A-B936-0819AB85C04A}"
EndProject
Global
	GlobalSection(SolutionConfigurationPlatforms) = preSolution
		Debug|Any CPU = Debug|Any CPU
		Release|Any CPU = Release|Any CPU
	EndGlobalSection
	GlobalSection(ProjectConfigurationPlatforms) = postSolution
		{237EA34F-FB60-4E4A-B936-0819AB85C04A}.Debug|Any CPU.ActiveCfg = Debug|Any CPU
		{237EA34F-FB60-4E4A-B936-0819AB85C04A}.Debug|Any CPU.Build.0 = Debug|Any CPU
		{237EA34F-FB60-4E4A-B936-0819AB85C04A}.Release|Any CPU.ActiveCfg = Release|Any CPU
		{237EA34F-FB60-4E4A-B936-0819AB85C04A}.Release|Any CPU.Build.0 = Release|Any CPU
	EndGlobalSection
	GlobalSection(SolutionProperties) = preSolution
		HideSolutionNode = FALSE
	EndGlobalSection
	GlobalSection(ExtensibilityGlobals) = postSolution
		SolutionGuid = {FDFD068F-FB83-4AD6-AFC8-E4125F785F90}
	EndGlobalSection
EndGlobal
