
Microsoft Visual Studio Solution File, Format Version 12.00
# Visual Studio Version 16
VisualStudioVersion = 16.0.31702.278
MinimumVisualStudioVersion = 10.0.40219.1
Project("{9A19103F-16F7-4668-BE54-9A1E7A4F7556}") = "InterestIsInteresting", "InterestIsInteresting.csproj", "{974D4E62-7114-48D7-9B51-02D5E8A6F652}"
EndProject
Global
	GlobalSection(SolutionConfigurationPlatforms) = preSolution
		Debug|Any CPU = Debug|Any CPU
		Release|Any CPU = Release|Any CPU
	EndGlobalSection
	GlobalSection(ProjectConfigurationPlatforms) = postSolution
		{974D4E62-7114-48D7-9B51-02D5E8A6F652}.Debug|Any CPU.ActiveCfg = Debug|Any CPU
		{974D4E62-7114-48D7-9B51-02D5E8A6F652}.Debug|Any CPU.Build.0 = Debug|Any CPU
		{974D4E62-7114-48D7-9B51-02D5E8A6F652}.Release|Any CPU.ActiveCfg = Release|Any CPU
		{974D4E62-7114-48D7-9B51-02D5E8A6F652}.Release|Any CPU.Build.0 = Release|Any CPU
	EndGlobalSection
	GlobalSection(SolutionProperties) = preSolution
		HideSolutionNode = FALSE
	EndGlobalSection
	GlobalSection(ExtensibilityGlobals) = postSolution
		SolutionGuid = {F71BB64D-07A9-4F24-A35D-C48433DA9536}
	EndGlobalSection
EndGlobal
