
Microsoft Visual Studio Solution File, Format Version 12.00
# Visual Studio Version 17
VisualStudioVersion = 17.3.32922.545
MinimumVisualStudioVersion = 10.0.40219.1
Project("{9A19103F-16F7-4668-BE54-9A1E7A4F7556}") = "Pangram", "Pangram.csproj", "{D570C1F6-35A3-497F-A4AB-74BFE9CE9D39}"
EndProject
Global
	GlobalSection(SolutionConfigurationPlatforms) = preSolution
		Debug|Any CPU = Debug|Any CPU
		Release|Any CPU = Release|Any CPU
	EndGlobalSection
	GlobalSection(ProjectConfigurationPlatforms) = postSolution
		{D570C1F6-35A3-497F-A4AB-74BFE9CE9D39}.Debug|Any CPU.ActiveCfg = Debug|Any CPU
		{D570C1F6-35A3-497F-A4AB-74BFE9CE9D39}.Debug|Any CPU.Build.0 = Debug|Any CPU
		{D570C1F6-35A3-497F-A4AB-74BFE9CE9D39}.Release|Any CPU.ActiveCfg = Release|Any CPU
		{D570C1F6-35A3-497F-A4AB-74BFE9CE9D39}.Release|Any CPU.Build.0 = Release|Any CPU
	EndGlobalSection
	GlobalSection(SolutionProperties) = preSolution
		HideSolutionNode = FALSE
	EndGlobalSection
	GlobalSection(ExtensibilityGlobals) = postSolution
		SolutionGuid = {036A16C0-0EAA-4BB2-82BB-4912F40B1E67}
	EndGlobalSection
EndGlobal
