
Microsoft Visual Studio Solution File, Format Version 12.00
# Visual Studio Version 17
VisualStudioVersion = 17.2.32519.379
MinimumVisualStudioVersion = 10.0.40219.1
Project("{9A19103F-16F7-4668-BE54-9A1E7A4F7556}") = "RotationalCipher", "RotationalCipher.csproj", "{C45B79CC-46C8-4560-899A-5A040F5222B2}"
EndProject
Global
	GlobalSection(SolutionConfigurationPlatforms) = preSolution
		Debug|Any CPU = Debug|Any CPU
		Release|Any CPU = Release|Any CPU
	EndGlobalSection
	GlobalSection(ProjectConfigurationPlatforms) = postSolution
		{C45B79CC-46C8-4560-899A-5A040F5222B2}.Debug|Any CPU.ActiveCfg = Debug|Any CPU
		{C45B79CC-46C8-4560-899A-5A040F5222B2}.Debug|Any CPU.Build.0 = Debug|Any CPU
		{C45B79CC-46C8-4560-899A-5A040F5222B2}.Release|Any CPU.ActiveCfg = Release|Any CPU
		{C45B79CC-46C8-4560-899A-5A040F5222B2}.Release|Any CPU.Build.0 = Release|Any CPU
	EndGlobalSection
	GlobalSection(SolutionProperties) = preSolution
		HideSolutionNode = FALSE
	EndGlobalSection
	GlobalSection(ExtensibilityGlobals) = postSolution
		SolutionGuid = {D579CD60-87C0-46B4-8E0A-69CD494928AB}
	EndGlobalSection
EndGlobal
