
Microsoft Visual Studio Solution File, Format Version 12.00
# Visual Studio Version 17
VisualStudioVersion = 17.5.33516.290
MinimumVisualStudioVersion = 10.0.40219.1
Project("{888888A0-9F3D-457C-B088-3A5042F75D52}") = "ghost-gobble-arcade-game", "ghost-gobble-arcade-game.pyproj", "{D0EA914D-350D-4B44-A408-09534EB41901}"
EndProject
Global
	GlobalSection(SolutionConfigurationPlatforms) = preSolution
		Debug|Any CPU = Debug|Any CPU
		Release|Any CPU = Release|Any CPU
	EndGlobalSection
	GlobalSection(ProjectConfigurationPlatforms) = postSolution
		{D0EA914D-350D-4B44-A408-09534EB41901}.Debug|Any CPU.ActiveCfg = Debug|Any CPU
		{D0EA914D-350D-4B44-A408-09534EB41901}.Release|Any CPU.ActiveCfg = Release|Any CPU
	EndGlobalSection
	GlobalSection(SolutionProperties) = preSolution
		HideSolutionNode = FALSE
	EndGlobalSection
	GlobalSection(ExtensibilityGlobals) = postSolution
		SolutionGuid = {8331C76E-BEA4-41DD-8BFA-596EFC2B366D}
	EndGlobalSection
EndGlobal
