
Microsoft Visual Studio Solution File, Format Version 12.00
# Visual Studio Version 17
VisualStudioVersion = 17.10.35013.160
MinimumVisualStudioVersion = 10.0.40219.1
Project("{9A19103F-16F7-4668-BE54-9A1E7A4F7556}") = "ZebraPuzzle", "ZebraPuzzle.csproj", "{BEEFDED2-E2E8-4BA7-938D-A2464D010887}"
EndProject
Global
	GlobalSection(SolutionConfigurationPlatforms) = preSolution
		Debug|Any CPU = Debug|Any CPU
		Release|Any CPU = Release|Any CPU
	EndGlobalSection
	GlobalSection(ProjectConfigurationPlatforms) = postSolution
		{BEEFDED2-E2E8-4BA7-938D-A2464D010887}.Debug|Any CPU.ActiveCfg = Debug|Any CPU
		{BEEFDED2-E2E8-4BA7-938D-A2464D010887}.Debug|Any CPU.Build.0 = Debug|Any CPU
		{BEEFDED2-E2E8-4BA7-938D-A2464D010887}.Release|Any CPU.ActiveCfg = Release|Any CPU
		{BEEFDED2-E2E8-4BA7-938D-A2464D010887}.Release|Any CPU.Build.0 = Release|Any CPU
	EndGlobalSection
	GlobalSection(SolutionProperties) = preSolution
		HideSolutionNode = FALSE
	EndGlobalSection
	GlobalSection(ExtensibilityGlobals) = postSolution
		SolutionGuid = {FDABA42A-5F80-4D51-80B5-0C83DCB18C9C}
	EndGlobalSection
EndGlobal
