
Microsoft Visual Studio Solution File, Format Version 12.00
# Visual Studio Version 17
VisualStudioVersion = 17.2.32516.85
MinimumVisualStudioVersion = 10.0.40219.1
Project("{9A19103F-16F7-4668-BE54-9A1E7A4F7556}") = "BuildingTelemetry", "BuildingTelemetry.csproj", "{DD897F2F-FA9B-4113-80E0-BBF0D02F3C09}"
EndProject
Global
	GlobalSection(SolutionConfigurationPlatforms) = preSolution
		Debug|Any CPU = Debug|Any CPU
		Release|Any CPU = Release|Any CPU
	EndGlobalSection
	GlobalSection(ProjectConfigurationPlatforms) = postSolution
		{DD897F2F-FA9B-4113-80E0-BBF0D02F3C09}.Debug|Any CPU.ActiveCfg = Debug|Any CPU
		{DD897F2F-FA9B-4113-80E0-BBF0D02F3C09}.Debug|Any CPU.Build.0 = Debug|Any CPU
		{DD897F2F-FA9B-4113-80E0-BBF0D02F3C09}.Release|Any CPU.ActiveCfg = Release|Any CPU
		{DD897F2F-FA9B-4113-80E0-BBF0D02F3C09}.Release|Any CPU.Build.0 = Release|Any CPU
	EndGlobalSection
	GlobalSection(SolutionProperties) = preSolution
		HideSolutionNode = FALSE
	EndGlobalSection
	GlobalSection(ExtensibilityGlobals) = postSolution
		SolutionGuid = {637D6EB1-7C6A-4378-BDA1-853AA761B936}
	EndGlobalSection
EndGlobal
