
Microsoft Visual Studio Solution File, Format Version 12.00
# Visual Studio Version 16
VisualStudioVersion = 16.0.31702.278
MinimumVisualStudioVersion = 10.0.40219.1
Project("{9A19103F-16F7-4668-BE54-9A1E7A4F7556}") = "CarsAssemble", "CarsAssemble.csproj", "{36F971E1-C1DC-4DB8-B805-E1D5C0C50040}"
EndProject
Global
	GlobalSection(SolutionConfigurationPlatforms) = preSolution
		Debug|Any CPU = Debug|Any CPU
		Release|Any CPU = Release|Any CPU
	EndGlobalSection
	GlobalSection(ProjectConfigurationPlatforms) = postSolution
		{36F971E1-C1DC-4DB8-B805-E1D5C0C50040}.Debug|Any CPU.ActiveCfg = Debug|Any CPU
		{36F971E1-C1DC-4DB8-B805-E1D5C0C50040}.Debug|Any CPU.Build.0 = Debug|Any CPU
		{36F971E1-C1DC-4DB8-B805-E1D5C0C50040}.Release|Any CPU.ActiveCfg = Release|Any CPU
		{36F971E1-C1DC-4DB8-B805-E1D5C0C50040}.Release|Any CPU.Build.0 = Release|Any CPU
	EndGlobalSection
	GlobalSection(SolutionProperties) = preSolution
		HideSolutionNode = FALSE
	EndGlobalSection
	GlobalSection(ExtensibilityGlobals) = postSolution
		SolutionGuid = {69407E7A-66B7-43A6-BD0A-55412C8ACB22}
	EndGlobalSection
EndGlobal
