
Microsoft Visual Studio Solution File, Format Version 12.00
# Visual Studio Version 17
VisualStudioVersion = 17.2.32516.85
MinimumVisualStudioVersion = 10.0.40219.1
Project("{9A19103F-16F7-4668-BE54-9A1E7A4F7556}") = "Faceid2", "Faceid2.csproj", "{13E05875-A7E7-4A18-BB61-2604D6C86C0F}"
EndProject
Global
	GlobalSection(SolutionConfigurationPlatforms) = preSolution
		Debug|Any CPU = Debug|Any CPU
		Release|Any CPU = Release|Any CPU
	EndGlobalSection
	GlobalSection(ProjectConfigurationPlatforms) = postSolution
		{13E05875-A7E7-4A18-BB61-2604D6C86C0F}.Debug|Any CPU.ActiveCfg = Debug|Any CPU
		{13E05875-A7E7-4A18-BB61-2604D6C86C0F}.Debug|Any CPU.Build.0 = Debug|Any CPU
		{13E05875-A7E7-4A18-BB61-2604D6C86C0F}.Release|Any CPU.ActiveCfg = Release|Any CPU
		{13E05875-A7E7-4A18-BB61-2604D6C86C0F}.Release|Any CPU.Build.0 = Release|Any CPU
	EndGlobalSection
	GlobalSection(SolutionProperties) = preSolution
		HideSolutionNode = FALSE
	EndGlobalSection
	GlobalSection(ExtensibilityGlobals) = postSolution
		SolutionGuid = {3A277196-20B6-4978-853E-628C0C678D7E}
	EndGlobalSection
EndGlobal
